// !$*UTF8*$!
{
	archiveVersion = 1;
	classes = {
	};
	objectVersion = 56;
	objects = {

/* Begin PBXBuildFile section */
		CF67DC1729936D4500977E00 /* testApplicationApp.swift in Sources */ = {isa = PBXBuildFile; fileRef = CF67DC1629936D4500977E00 /* testApplicationApp.swift */; };
		CF67DC1929936D4500977E00 /* Persistence.swift in Sources */ = {isa = PBXBuildFile; fileRef = CF67DC1829936D4500977E00 /* Persistence.swift */; };
		CF67DC1C29936D4500977E00 /* testApplication.xcdatamodeld in Sources */ = {isa = PBXBuildFile; fileRef = CF67DC1A29936D4500977E00 /* testApplication.xcdatamodeld */; };
		CF67DC1E29936D4500977E00 /* ContentView.swift in Sources */ = {isa = PBXBuildFile; fileRef = CF67DC1D29936D4500977E00 /* ContentView.swift */; };
		CF67DC2029936D4600977E00 /* Assets.xcassets in Resources */ = {isa = PBXBuildFile; fileRef = CF67DC1F29936D4600977E00 /* Assets.xcassets */; };
		CF67DC2429936D4600977E00 /* Preview Assets.xcassets in Resources */ = {isa = PBXBuildFile; fileRef = CF67DC2329936D4600977E00 /* Preview Assets.xcassets */; };
		CF67DC2E29936D4600977E00 /* testApplicationTests.swift in Sources */ = {isa = PBXBuildFile; fileRef = CF67DC2D29936D4600977E00 /* testApplicationTests.swift */; };
		CF67DC3829936D4600977E00 /* testApplicationUITests.swift in Sources */ = {isa = PBXBuildFile; fileRef = CF67DC3729936D4600977E00 /* testApplicationUITests.swift */; };
		CF67DC3A29936D4600977E00 /* testApplicationUITestsLaunchTests.swift in Sources */ = {isa = PBXBuildFile; fileRef = CF67DC3929936D4600977E00 /* testApplicationUITestsLaunchTests.swift */; };
/* End PBXBuildFile section */

/* Begin PBXContainerItemProxy section */
		CF67DC2A29936D4600977E00 /* PBXContainerItemProxy */ = {
			isa = PBXContainerItemProxy;
			containerPortal = CF67DC0B29936D4500977E00 /* Project object */;
			proxyType = 1;
			remoteGlobalIDString = CF67DC1229936D4500977E00;
			remoteInfo = testApplication;
		};
		CF67DC3429936D4600977E00 /* PBXContainerItemProxy */ = {
			isa = PBXContainerItemProxy;
			containerPortal = CF67DC0B29936D4500977E00 /* Project object */;
			proxyType = 1;
			remoteGlobalIDString = CF67DC1229936D4500977E00;
			remoteInfo = testApplication;
		};
/* End PBXContainerItemProxy section */

/* Begin PBXFileReference section */
		CF67DC1329936D4500977E00 /* testApplication.app */ = {isa = PBXFileReference; explicitFileType = wrapper.application; includeInIndex = 0; path = testApplication.app; sourceTree = BUILT_PRODUCTS_DIR; };
		CF67DC1629936D4500977E00 /* testApplicationApp.swift */ = {isa = PBXFileReference; lastKnownFileType = sourcecode.swift; path = testApplicationApp.swift; sourceTree = "<group>"; };
		CF67DC1829936D4500977E00 /* Persistence.swift */ = {isa = PBXFileReference; lastKnownFileType = sourcecode.swift; path = Persistence.swift; sourceTree = "<group>"; };
		CF67DC1B29936D4500977E00 /* testApplication.xcdatamodel */ = {isa = PBXFileReference; lastKnownFileType = wrapper.xcdatamodel; path = testApplication.xcdatamodel; sourceTree = "<group>"; };
		CF67DC1D29936D4500977E00 /* ContentView.swift */ = {isa = PBXFileReference; lastKnownFileType = sourcecode.swift; path = ContentView.swift; sourceTree = "<group>"; };
		CF67DC1F29936D4600977E00 /* Assets.xcassets */ = {isa = PBXFileReference; lastKnownFileType = folder.assetcatalog; path = Assets.xcassets; sourceTree = "<group>"; };
		CF67DC2129936D4600977E00 /* testApplication.entitlements */ = {isa = PBXFileReference; lastKnownFileType = text.plist.entitlements; path = testApplication.entitlements; sourceTree = "<group>"; };
		CF67DC2329936D4600977E00 /* Preview Assets.xcassets */ = {isa = PBXFileReference; lastKnownFileType = folder.assetcatalog; path = "Preview Assets.xcassets"; sourceTree = "<group>"; };
		CF67DC2929936D4600977E00 /* testApplicationTests.xctest */ = {isa = PBXFileReference; explicitFileType = wrapper.cfbundle; includeInIndex = 0; path = testApplicationTests.xctest; sourceTree = BUILT_PRODUCTS_DIR; };
		CF67DC2D29936D4600977E00 /* testApplicationTests.swift */ = {isa = PBXFileReference; lastKnownFileType = sourcecode.swift; path = testApplicationTests.swift; sourceTree = "<group>"; };
		CF67DC3329936D4600977E00 /* testApplicationUITests.xctest */ = {isa = PBXFileReference; explicitFileType = wrapper.cfbundle; includeInIndex = 0; path = testApplicationUITests.xctest; sourceTree = BUILT_PRODUCTS_DIR; };
		CF67DC3729936D4600977E00 /* testApplicationUITests.swift */ = {isa = PBXFileReference; lastKnownFileType = sourcecode.swift; path = testApplicationUITests.swift; sourceTree = "<group>"; };
		CF67DC3929936D4600977E00 /* testApplicationUITestsLaunchTests.swift */ = {isa = PBXFileReference; lastKnownFileType = sourcecode.swift; path = testApplicationUITestsLaunchTests.swift; sourceTree = "<group>"; };
/* End PBXFileReference section */

/* Begin PBXFrameworksBuildPhase section */
		CF67DC1029936D4500977E00 /* Frameworks */ = {
			isa = PBXFrameworksBuildPhase;
			buildActionMask = 2147483647;
			files = (
			);
			runOnlyForDeploymentPostprocessing = 0;
		};
		CF67DC2629936D4600977E00 /* Frameworks */ = {
			isa = PBXFrameworksBuildPhase;
			buildActionMask = 2147483647;
			files = (
			);
			runOnlyForDeploymentPostprocessing = 0;
		};
		CF67DC3029936D4600977E00 /* Frameworks */ = {
			isa = PBXFrameworksBuildPhase;
			buildActionMask = 2147483647;
			files = (
			);
			runOnlyForDeploymentPostprocessing = 0;
		};
/* End PBXFrameworksBuildPhase section */

/* Begin PBXGroup section */
		CF67DC0A29936D4500977E00 = {
			isa = PBXGroup;
			children = (
				CF67DC1529936D4500977E00 /* testApplication */,
				CF67DC2C29936D4600977E00 /* testApplicationTests */,
				CF67DC3629936D4600977E00 /* testApplicationUITests */,
				CF67DC1429936D4500977E00 /* Products */,
			);
			sourceTree = "<group>";
		};
		CF67DC1429936D4500977E00 /* Products */ = {
			isa = PBXGroup;
			children = (
				CF67DC1329936D4500977E00 /* testApplication.app */,
				CF67DC2929936D4600977E00 /* testApplicationTests.xctest */,
				CF67DC3329936D4600977E00 /* testApplicationUITests.xctest */,
			);
			name = Products;
			sourceTree = "<group>";
		};
		CF67DC1529936D4500977E00 /* testApplication */ = {
			isa = PBXGroup;
			children = (
				CF67DC1629936D4500977E00 /* testApplicationApp.swift */,
				CF67DC1829936D4500977E00 /* Persistence.swift */,
				CF67DC1D29936D4500977E00 /* ContentView.swift */,
				CF67DC1F29936D4600977E00 /* Assets.xcassets */,
				CF67DC2129936D4600977E00 /* testApplication.entitlements */,
				CF67DC1A29936D4500977E00 /* testApplication.xcdatamodeld */,
				CF67DC2229936D4600977E00 /* Preview Content */,
			);
			path = testApplication;
			sourceTree = "<group>";
		};
		CF67DC2229936D4600977E00 /* Preview Content */ = {
			isa = PBXGroup;
			children = (
				CF67DC2329936D4600977E00 /* Preview Assets.xcassets */,
			);
			path = "Preview Content";
			sourceTree = "<group>";
		};
		CF67DC2C29936D4600977E00 /* testApplicationTests */ = {
			isa = PBXGroup;
			children = (
				CF67DC2D29936D4600977E00 /* testApplicationTests.swift */,
			);
			path = testApplicationTests;
			sourceTree = "<group>";
		};
		CF67DC3629936D4600977E00 /* testApplicationUITests */ = {
			isa = PBXGroup;
			children = (
				CF67DC3729936D4600977E00 /* testApplicationUITests.swift */,
				CF67DC3929936D4600977E00 /* testApplicationUITestsLaunchTests.swift */,
			);
			path = testApplicationUITests;
			sourceTree = "<group>";
		};
/* End PBXGroup section */

/* Begin PBXNativeTarget section */
		CF67DC1229936D4500977E00 /* testApplication */ = {
			isa = PBXNativeTarget;
			buildConfigurationList = CF67DC3D29936D4600977E00 /* Build configuration list for PBXNativeTarget "testApplication" */;
			buildPhases = (
				CF67DC0F29936D4500977E00 /* Sources */,
				CF67DC1029936D4500977E00 /* Frameworks */,
				CF67DC1129936D4500977E00 /* Resources */,
			);
			buildRules = (
			);
			dependencies = (
			);
			name = testApplication;
			productName = testApplication;
			productReference = CF67DC1329936D4500977E00 /* testApplication.app */;
			productType = "com.apple.product-type.application";
		};
		CF67DC2829936D4600977E00 /* testApplicationTests */ = {
			isa = PBXNativeTarget;
			buildConfigurationList = CF67DC4029936D4600977E00 /* Build configuration list for PBXNativeTarget "testApplicationTests" */;
			buildPhases = (
				CF67DC2529936D4600977E00 /* Sources */,
				CF67DC2629936D4600977E00 /* Frameworks */,
				CF67DC2729936D4600977E00 /* Resources */,
			);
			buildRules = (
			);
			dependencies = (
				CF67DC2B29936D4600977E00 /* PBXTargetDependency */,
			);
			name = testApplicationTests;
			productName = testApplicationTests;
			productReference = CF67DC2929936D4600977E00 /* testApplicationTests.xctest */;
			productType = "com.apple.product-type.bundle.unit-test";
		};
		CF67DC3229936D4600977E00 /* testApplicationUITests */ = {
			isa = PBXNativeTarget;
			buildConfigurationList = CF67DC4329936D4600977E00 /* Build configuration list for PBXNativeTarget "testApplicationUITests" */;
			buildPhases = (
				CF67DC2F29936D4600977E00 /* Sources */,
				CF67DC3029936D4600977E00 /* Frameworks */,
				CF67DC3129936D4600977E00 /* Resources */,
			);
			buildRules = (
			);
			dependencies = (
				CF67DC3529936D4600977E00 /* PBXTargetDependency */,
			);
			name = testApplicationUITests;
			productName = testApplicationUITests;
			productReference = CF67DC3329936D4600977E00 /* testApplicationUITests.xctest */;
			productType = "com.apple.product-type.bundle.ui-testing";
		};
/* End PBXNativeTarget section */

/* Begin PBXProject section */
		CF67DC0B29936D4500977E00 /* Project object */ = {
			isa = PBXProject;
			attributes = {
				BuildIndependentTargetsInParallel = 1;
				LastSwiftUpdateCheck = 1420;
				LastUpgradeCheck = 1420;
				TargetAttributes = {
					CF67DC1229936D4500977E00 = {
						CreatedOnToolsVersion = 14.2;
					};
					CF67DC2829936D4600977E00 = {
						CreatedOnToolsVersion = 14.2;
						TestTargetID = CF67DC1229936D4500977E00;
					};
					CF67DC3229936D4600977E00 = {
						CreatedOnToolsVersion = 14.2;
						TestTargetID = CF67DC1229936D4500977E00;
					};
				};
			};
			buildConfigurationList = CF67DC0E29936D4500977E00 /* Build configuration list for PBXProject "testApplication" */;
			compatibilityVersion = "Xcode 14.0";
			developmentRegion = en;
			hasScannedForEncodings = 0;
			knownRegions = (
				en,
				Base,
			);
			mainGroup = CF67DC0A29936D4500977E00;
			productRefGroup = CF67DC1429936D4500977E00 /* Products */;
			projectDirPath = "";
			projectRoot = "";
			targets = (
				CF67DC1229936D4500977E00 /* testApplication */,
				CF67DC2829936D4600977E00 /* testApplicationTests */,
				CF67DC3229936D4600977E00 /* testApplicationUITests */,
			);
		};
/* End PBXProject section */

/* Begin PBXResourcesBuildPhase section */
		CF67DC1129936D4500977E00 /* Resources */ = {
			isa = PBXResourcesBuildPhase;
			buildActionMask = 2147483647;
			files = (
				CF67DC2429936D4600977E00 /* Preview Assets.xcassets in Resources */,
				CF67DC2029936D4600977E00 /* Assets.xcassets in Resources */,
			);
			runOnlyForDeploymentPostprocessing = 0;
		};
		CF67DC2729936D4600977E00 /* Resources */ = {
			isa = PBXResourcesBuildPhase;
			buildActionMask = 2147483647;
			files = (
			);
			runOnlyForDeploymentPostprocessing = 0;
		};
		CF67DC3129936D4600977E00 /* Resources */ = {
			isa = PBXResourcesBuildPhase;
			buildActionMask = 2147483647;
			files = (
			);
			runOnlyForDeploymentPostprocessing = 0;
		};
/* End PBXResourcesBuildPhase section */

/* Begin PBXSourcesBuildPhase section */
		CF67DC0F29936D4500977E00 /* Sources */ = {
			isa = PBXSourcesBuildPhase;
			buildActionMask = 2147483647;
			files = (
				CF67DC1729936D4500977E00 /* testApplicationApp.swift in Sources */,
				CF67DC1929936D4500977E00 /* Persistence.swift in Sources */,
				CF67DC1E29936D4500977E00 /* ContentView.swift in Sources */,
				CF67DC1C29936D4500977E00 /* testApplication.xcdatamodeld in Sources */,
			);
			runOnlyForDeploymentPostprocessing = 0;
		};
		CF67DC2529936D4600977E00 /* Sources */ = {
			isa = PBXSourcesBuildPhase;
			buildActionMask = 2147483647;
			files = (
				CF67DC2E29936D4600977E00 /* testApplicationTests.swift in Sources */,
			);
			runOnlyForDeploymentPostprocessing = 0;
		};
		CF67DC2F29936D4600977E00 /* Sources */ = {
			isa = PBXSourcesBuildPhase;
			buildActionMask = 2147483647;
			files = (
				CF67DC3829936D4600977E00 /* testApplicationUITests.swift in Sources */,
				CF67DC3A29936D4600977E00 /* testApplicationUITestsLaunchTests.swift in Sources */,
			);
			runOnlyForDeploymentPostprocessing = 0;
		};
/* End PBXSourcesBuildPhase section */

/* Begin PBXTargetDependency section */
		CF67DC2B29936D4600977E00 /* PBXTargetDependency */ = {
			isa = PBXTargetDependency;
			target = CF67DC1229936D4500977E00 /* testApplication */;
			targetProxy = CF67DC2A29936D4600977E00 /* PBXContainerItemProxy */;
		};
		CF67DC3529936D4600977E00 /* PBXTargetDependency */ = {
			isa = PBXTargetDependency;
			target = CF67DC1229936D4500977E00 /* testApplication */;
			targetProxy = CF67DC3429936D4600977E00 /* PBXContainerItemProxy */;
		};
/* End PBXTargetDependency section */

/* Begin XCBuildConfiguration section */
		CF67DC3B29936D4600977E00 /* Debug */ = {
			isa = XCBuildConfiguration;
			buildSettings = {
				ALWAYS_SEARCH_USER_PATHS = NO;
				CLANG_ANALYZER_NONNULL = YES;
				CLANG_ANALYZER_NUMBER_OBJECT_CONVERSION = YES_AGGRESSIVE;
				CLANG_CXX_LANGUAGE_STANDARD = "gnu++20";
				CLANG_ENABLE_MODULES = YES;
				CLANG_ENABLE_OBJC_ARC = YES;
				CLANG_ENABLE_OBJC_WEAK = YES;
				CLANG_WARN_BLOCK_CAPTURE_AUTORELEASING = YES;
				CLANG_WARN_BOOL_CONVERSION = YES;
				CLANG_WARN_COMMA = YES;
				CLANG_WARN_CONSTANT_CONVERSION = YES;
				CLANG_WARN_DEPRECATED_OBJC_IMPLEMENTATIONS = YES;
				CLANG_WARN_DIRECT_OBJC_ISA_USAGE = YES_ERROR;
				CLANG_WARN_DOCUMENTATION_COMMENTS = YES;
				CLANG_WARN_EMPTY_BODY = YES;
				CLANG_WARN_ENUM_CONVERSION = YES;
				CLANG_WARN_INFINITE_RECURSION = YES;
				CLANG_WARN_INT_CONVERSION = YES;
				CLANG_WARN_NON_LITERAL_NULL_CONVERSION = YES;
				CLANG_WARN_OBJC_IMPLICIT_RETAIN_SELF = YES;
				CLANG_WARN_OBJC_LITERAL_CONVERSION = YES;
				CLANG_WARN_OBJC_ROOT_CLASS = YES_ERROR;
				CLANG_WARN_QUOTED_INCLUDE_IN_FRAMEWORK_HEADER = YES;
				CLANG_WARN_RANGE_LOOP_ANALYSIS = YES;
				CLANG_WARN_STRICT_PROTOTYPES = YES;
				CLANG_WARN_SUSPICIOUS_MOVE = YES;
				CLANG_WARN_UNGUARDED_AVAILABILITY = YES_AGGRESSIVE;
				CLANG_WARN_UNREACHABLE_CODE = YES;
				CLANG_WARN__DUPLICATE_METHOD_MATCH = YES;
				COPY_PHASE_STRIP = NO;
				DEBUG_INFORMATION_FORMAT = dwarf;
				ENABLE_STRICT_OBJC_MSGSEND = YES;
				ENABLE_TESTABILITY = YES;
				GCC_C_LANGUAGE_STANDARD = gnu11;
				GCC_DYNAMIC_NO_PIC = NO;
				GCC_NO_COMMON_BLOCKS = YES;
				GCC_OPTIMIZATION_LEVEL = 0;
				GCC_PREPROCESSOR_DEFINITIONS = (
					"DEBUG=1",
					"$(inherited)",
				);
				GCC_WARN_64_TO_32_BIT_CONVERSION = YES;
				GCC_WARN_ABOUT_RETURN_TYPE = YES_ERROR;
				GCC_WARN_UNDECLARED_SELECTOR = YES;
				GCC_WARN_UNINITIALIZED_AUTOS = YES_AGGRESSIVE;
				GCC_WARN_UNUSED_FUNCTION = YES;
				GCC_WARN_UNUSED_VARIABLE = YES;
				MTL_ENABLE_DEBUG_INFO = INCLUDE_SOURCE;
				MTL_FAST_MATH = YES;
				ONLY_ACTIVE_ARCH = YES;
				SWIFT_ACTIVE_COMPILATION_CONDITIONS = DEBUG;
				SWIFT_OPTIMIZATION_LEVEL = "-Onone";
			};
			name = Debug;
		};
		CF67DC3C29936D4600977E00 /* Release */ = {
			isa = XCBuildConfiguration;
			buildSettings = {
				ALWAYS_SEARCH_USER_PATHS = NO;
				CLANG_ANALYZER_NONNULL = YES;
				CLANG_ANALYZER_NUMBER_OBJECT_CONVERSION = YES_AGGRESSIVE;
				CLANG_CXX_LANGUAGE_STANDARD = "gnu++20";
				CLANG_ENABLE_MODULES = YES;
				CLANG_ENABLE_OBJC_ARC = YES;
				CLANG_ENABLE_OBJC_WEAK = YES;
				CLANG_WARN_BLOCK_CAPTURE_AUTORELEASING = YES;
				CLANG_WARN_BOOL_CONVERSION = YES;
				CLANG_WARN_COMMA = YES;
				CLANG_WARN_CONSTANT_CONVERSION = YES;
				CLANG_WARN_DEPRECATED_OBJC_IMPLEMENTATIONS = YES;
				CLANG_WARN_DIRECT_OBJC_ISA_USAGE = YES_ERROR;
				CLANG_WARN_DOCUMENTATION_COMMENTS = YES;
				CLANG_WARN_EMPTY_BODY = YES;
				CLANG_WARN_ENUM_CONVERSION = YES;
				CLANG_WARN_INFINITE_RECURSION = YES;
				CLANG_WARN_INT_CONVERSION = YES;
				CLANG_WARN_NON_LITERAL_NULL_CONVERSION = YES;
				CLANG_WARN_OBJC_IMPLICIT_RETAIN_SELF = YES;
				CLANG_WARN_OBJC_LITERAL_CONVERSION = YES;
				CLANG_WARN_OBJC_ROOT_CLASS = YES_ERROR;
				CLANG_WARN_QUOTED_INCLUDE_IN_FRAMEWORK_HEADER = YES;
				CLANG_WARN_RANGE_LOOP_ANALYSIS = YES;
				CLANG_WARN_STRICT_PROTOTYPES = YES;
				CLANG_WARN_SUSPICIOUS_MOVE = YES;
				CLANG_WARN_UNGUARDED_AVAILABILITY = YES_AGGRESSIVE;
				CLANG_WARN_UNREACHABLE_CODE = YES;
				CLANG_WARN__DUPLICATE_METHOD_MATCH = YES;
				COPY_PHASE_STRIP = NO;
				DEBUG_INFORMATION_FORMAT = "dwarf-with-dsym";
				ENABLE_NS_ASSERTIONS = NO;
				ENABLE_STRICT_OBJC_MSGSEND = YES;
				GCC_C_LANGUAGE_STANDARD = gnu11;
				GCC_NO_COMMON_BLOCKS = YES;
				GCC_WARN_64_TO_32_BIT_CONVERSION = YES;
				GCC_WARN_ABOUT_RETURN_TYPE = YES_ERROR;
				GCC_WARN_UNDECLARED_SELECTOR = YES;
				GCC_WARN_UNINITIALIZED_AUTOS = YES_AGGRESSIVE;
				GCC_WARN_UNUSED_FUNCTION = YES;
				GCC_WARN_UNUSED_VARIABLE = YES;
				MTL_ENABLE_DEBUG_INFO = NO;
				MTL_FAST_MATH = YES;
				SWIFT_COMPILATION_MODE = wholemodule;
				SWIFT_OPTIMIZATION_LEVEL = "-O";
			};
			name = Release;
		};
		CF67DC3E29936D4600977E00 /* Debug */ = {
			isa = XCBuildConfiguration;
			buildSettings = {
				ASSETCATALOG_COMPILER_APPICON_NAME = AppIcon;
				ASSETCATALOG_COMPILER_GLOBAL_ACCENT_COLOR_NAME = AccentColor;
				CODE_SIGN_ENTITLEMENTS = testApplication/testApplication.entitlements;
				CODE_SIGN_STYLE = Automatic;
				CURRENT_PROJECT_VERSION = 1;
				DEVELOPMENT_ASSET_PATHS = "\"testApplication/Preview Content\"";
				ENABLE_PREVIEWS = YES;
				GENERATE_INFOPLIST_FILE = YES;
				"INFOPLIST_KEY_UIApplicationSceneManifest_Generation[sdk=iphoneos*]" = YES;
				"INFOPLIST_KEY_UIApplicationSceneManifest_Generation[sdk=iphonesimulator*]" = YES;
				"INFOPLIST_KEY_UIApplicationSupportsIndirectInputEvents[sdk=iphoneos*]" = YES;
				"INFOPLIST_KEY_UIApplicationSupportsIndirectInputEvents[sdk=iphonesimulator*]" = YES;
				"INFOPLIST_KEY_UILaunchScreen_Generation[sdk=iphoneos*]" = YES;
				"INFOPLIST_KEY_UILaunchScreen_Generation[sdk=iphonesimulator*]" = YES;
				"INFOPLIST_KEY_UIStatusBarStyle[sdk=iphoneos*]" = UIStatusBarStyleDefault;
				"INFOPLIST_KEY_UIStatusBarStyle[sdk=iphonesimulator*]" = UIStatusBarStyleDefault;
				INFOPLIST_KEY_UISupportedInterfaceOrientations_iPad = "UIInterfaceOrientationPortrait UIInterfaceOrientationPortraitUpsideDown UIInterfaceOrientationLandscapeLeft UIInterfaceOrientationLandscapeRight";
				INFOPLIST_KEY_UISupportedInterfaceOrientations_iPhone = "UIInterfaceOrientationPortrait UIInterfaceOrientationLandscapeLeft UIInterfaceOrientationLandscapeRight";
				IPHONEOS_DEPLOYMENT_TARGET = 16.2;
				LD_RUNPATH_SEARCH_PATHS = "@executable_path/Frameworks";
				"LD_RUNPATH_SEARCH_PATHS[sdk=macosx*]" = "@executable_path/../Frameworks";
				MACOSX_DEPLOYMENT_TARGET = 12.6;
				MARKETING_VERSION = 1.0;
				PRODUCT_BUNDLE_IDENTIFIER = Manik.testApplication;
				PRODUCT_NAME = "$(TARGET_NAME)";
				SDKROOT = auto;
				SUPPORTED_PLATFORMS = "iphoneos iphonesimulator macosx";
				SWIFT_EMIT_LOC_STRINGS = YES;
				SWIFT_VERSION = 5.0;
				TARGETED_DEVICE_FAMILY = "1,2";
			};
			name = Debug;
		};
		CF67DC3F29936D4600977E00 /* Release */ = {
			isa = XCBuildConfiguration;
			buildSettings = {
				ASSETCATALOG_COMPILER_APPICON_NAME = AppIcon;
				ASSETCATALOG_COMPILER_GLOBAL_ACCENT_COLOR_NAME = AccentColor;
				CODE_SIGN_ENTITLEMENTS = testApplication/testApplication.entitlements;
				CODE_SIGN_STYLE = Automatic;
				CURRENT_PROJECT_VERSION = 1;
				DEVELOPMENT_ASSET_PATHS = "\"testApplication/Preview Content\"";
				ENABLE_PREVIEWS = YES;
				GENERATE_INFOPLIST_FILE = YES;
				"INFOPLIST_KEY_UIApplicationSceneManifest_Generation[sdk=iphoneos*]" = YES;
				"INFOPLIST_KEY_UIApplicationSceneManifest_Generation[sdk=iphonesimulator*]" = YES;
				"INFOPLIST_KEY_UIApplicationSupportsIndirectInputEvents[sdk=iphoneos*]" = YES;
				"INFOPLIST_KEY_UIApplicationSupportsIndirectInputEvents[sdk=iphonesimulator*]" = YES;
				"INFOPLIST_KEY_UILaunchScreen_Generation[sdk=iphoneos*]" = YES;
				"INFOPLIST_KEY_UILaunchScreen_Generation[sdk=iphonesimulator*]" = YES;
				"INFOPLIST_KEY_UIStatusBarStyle[sdk=iphoneos*]" = UIStatusBarStyleDefault;
				"INFOPLIST_KEY_UIStatusBarStyle[sdk=iphonesimulator*]" = UIStatusBarStyleDefault;
				INFOPLIST_KEY_UISupportedInterfaceOrientations_iPad = "UIInterfaceOrientationPortrait UIInterfaceOrientationPortraitUpsideDown UIInterfaceOrientationLandscapeLeft UIInterfaceOrientationLandscapeRight";
				INFOPLIST_KEY_UISupportedInterfaceOrientations_iPhone = "UIInterfaceOrientationPortrait UIInterfaceOrientationLandscapeLeft UIInterfaceOrientationLandscapeRight";
				IPHONEOS_DEPLOYMENT_TARGET = 16.2;
				LD_RUNPATH_SEARCH_PATHS = "@executable_path/Frameworks";
				"LD_RUNPATH_SEARCH_PATHS[sdk=macosx*]" = "@executable_path/../Frameworks";
				MACOSX_DEPLOYMENT_TARGET = 12.6;
				MARKETING_VERSION = 1.0;
				PRODUCT_BUNDLE_IDENTIFIER = Manik.testApplication;
				PRODUCT_NAME = "$(TARGET_NAME)";
				SDKROOT = auto;
				SUPPORTED_PLATFORMS = "iphoneos iphonesimulator macosx";
				SWIFT_EMIT_LOC_STRINGS = YES;
				SWIFT_VERSION = 5.0;
				TARGETED_DEVICE_FAMILY = "1,2";
			};
			name = Release;
		};
		CF67DC4129936D4600977E00 /* Debug */ = {
			isa = XCBuildConfiguration;
			buildSettings = {
				ALWAYS_EMBED_SWIFT_STANDARD_LIBRARIES = YES;
				BUNDLE_LOADER = "$(TEST_HOST)";
				CODE_SIGN_STYLE = Automatic;
				CURRENT_PROJECT_VERSION = 1;
				GENERATE_INFOPLIST_FILE = YES;
				IPHONEOS_DEPLOYMENT_TARGET = 16.2;
				MACOSX_DEPLOYMENT_TARGET = 12.6;
				MARKETING_VERSION = 1.0;
				PRODUCT_BUNDLE_IDENTIFIER = Manik.testApplicationTests;
				PRODUCT_NAME = "$(TARGET_NAME)";
				SDKROOT = auto;
				SUPPORTED_PLATFORMS = "iphoneos iphonesimulator macosx";
				SWIFT_EMIT_LOC_STRINGS = NO;
				SWIFT_VERSION = 5.0;
				TARGETED_DEVICE_FAMILY = "1,2";
				TEST_HOST = "$(BUILT_PRODUCTS_DIR)/testApplication.app/$(BUNDLE_EXECUTABLE_FOLDER_PATH)/testApplication";
			};
			name = Debug;
		};
		CF67DC4229936D4600977E00 /* Release */ = {
			isa = XCBuildConfiguration;
			buildSettings = {
				ALWAYS_EMBED_SWIFT_STANDARD_LIBRARIES = YES;
				BUNDLE_LOADER = "$(TEST_HOST)";
				CODE_SIGN_STYLE = Automatic;
				CURRENT_PROJECT_VERSION = 1;
				GENERATE_INFOPLIST_FILE = YES;
				IPHONEOS_DEPLOYMENT_TARGET = 16.2;
				MACOSX_DEPLOYMENT_TARGET = 12.6;
				MARKETING_VERSION = 1.0;
				PRODUCT_BUNDLE_IDENTIFIER = Manik.testApplicationTests;
				PRODUCT_NAME = "$(TARGET_NAME)";
				SDKROOT = auto;
				SUPPORTED_PLATFORMS = "iphoneos iphonesimulator macosx";
				SWIFT_EMIT_LOC_STRINGS = NO;
				SWIFT_VERSION = 5.0;
				TARGETED_DEVICE_FAMILY = "1,2";
				TEST_HOST = "$(BUILT_PRODUCTS_DIR)/testApplication.app/$(BUNDLE_EXECUTABLE_FOLDER_PATH)/testApplication";
			};
			name = Release;
		};
		CF67DC4429936D4600977E00 /* Debug */ = {
			isa = XCBuildConfiguration;
			buildSettings = {
				ALWAYS_EMBED_SWIFT_STANDARD_LIBRARIES = YES;
				CODE_SIGN_STYLE = Automatic;
				CURRENT_PROJECT_VERSION = 1;
				GENERATE_INFOPLIST_FILE = YES;
				IPHONEOS_DEPLOYMENT_TARGET = 16.2;
				MACOSX_DEPLOYMENT_TARGET = 12.6;
				MARKETING_VERSION = 1.0;
				PRODUCT_BUNDLE_IDENTIFIER = Manik.testApplicationUITests;
				PRODUCT_NAME = "$(TARGET_NAME)";
				SDKROOT = auto;
				SUPPORTED_PLATFORMS = "iphoneos iphonesimulator macosx";
				SWIFT_EMIT_LOC_STRINGS = NO;
				SWIFT_VERSION = 5.0;
				TARGETED_DEVICE_FAMILY = "1,2";
				TEST_TARGET_NAME = testApplication;
			};
			name = Debug;
		};
		CF67DC4529936D4600977E00 /* Release */ = {
			isa = XCBuildConfiguration;
			buildSettings = {
				ALWAYS_EMBED_SWIFT_STANDARD_LIBRARIES = YES;
				CODE_SIGN_STYLE = Automatic;
				CURRENT_PROJECT_VERSION = 1;
				GENERATE_INFOPLIST_FILE = YES;
				IPHONEOS_DEPLOYMENT_TARGET = 16.2;
				MACOSX_DEPLOYMENT_TARGET = 12.6;
				MARKETING_VERSION = 1.0;
				PRODUCT_BUNDLE_IDENTIFIER = Manik.testApplicationUITests;
				PRODUCT_NAME = "$(TARGET_NAME)";
				SDKROOT = auto;
				SUPPORTED_PLATFORMS = "iphoneos iphonesimulator macosx";
				SWIFT_EMIT_LOC_STRINGS = NO;
				SWIFT_VERSION = 5.0;
				TARGETED_DEVICE_FAMILY = "1,2";
				TEST_TARGET_NAME = testApplication;
			};
			name = Release;
		};
/* End XCBuildConfiguration section */

/* Begin XCConfigurationList section */
		CF67DC0E29936D4500977E00 /* Build configuration list for PBXProject "testApplication" */ = {
			isa = XCConfigurationList;
			buildConfigurations = (
				CF67DC3B29936D4600977E00 /* Debug */,
				CF67DC3C29936D4600977E00 /* Release */,
			);
			defaultConfigurationIsVisible = 0;
			defaultConfigurationName = Release;
		};
		CF67DC3D29936D4600977E00 /* Build configuration list for PBXNativeTarget "testApplication" */ = {
			isa = XCConfigurationList;
			buildConfigurations = (
				CF67DC3E29936D4600977E00 /* Debug */,
				CF67DC3F29936D4600977E00 /* Release */,
			);
			defaultConfigurationIsVisible = 0;
			defaultConfigurationName = Release;
		};
		CF67DC4029936D4600977E00 /* Build configuration list for PBXNativeTarget "testApplicationTests" */ = {
			isa = XCConfigurationList;
			buildConfigurations = (
				CF67DC4129936D4600977E00 /* Debug */,
				CF67DC4229936D4600977E00 /* Release */,
			);
			defaultConfigurationIsVisible = 0;
			defaultConfigurationName = Release;
		};
		CF67DC4329936D4600977E00 /* Build configuration list for PBXNativeTarget "testApplicationUITests" */ = {
			isa = XCConfigurationList;
			buildConfigurations = (
				CF67DC4429936D4600977E00 /* Debug */,
				CF67DC4529936D4600977E00 /* Release */,
			);
			defaultConfigurationIsVisible = 0;
			defaultConfigurationName = Release;
		};
/* End XCConfigurationList section */

/* Begin XCVersionGroup section */
		CF67DC1A29936D4500977E00 /* testApplication.xcdatamodeld */ = {
			isa = XCVersionGroup;
			children = (
				CF67DC1B29936D4500977E00 /* testApplication.xcdatamodel */,
			);
			currentVersion = CF67DC1B29936D4500977E00 /* testApplication.xcdatamodel */;
			path = testApplication.xcdatamodeld;
			sourceTree = "<group>";
			versionGroupType = wrapper.xcdatamodel;
		};
/* End XCVersionGroup section */
	};
	rootObject = CF67DC0B29936D4500977E00 /* Project object */;
}
